
Microsoft Visual Studio Solution File, Format Version 12.00
# Visual Studio Version 16
VisualStudioVersion = 16.0.32002.261
MinimumVisualStudioVersion = 10.0.40219.1
Project("{FAE04EC0-301F-11D3-BF4B-00C04F79EFBC}") = "ExcelDemo1", "ExcelDemo1\ExcelDemo1.csproj", "{6781B107-CA30-49C4-BCC5-DEEAF095EBF6}"
EndProject
Global
	GlobalSection(SolutionConfigurationPlatforms) = preSolution
		Debug|Any CPU = Debug|Any CPU
		Release|Any CPU = Release|Any CPU
	EndGlobalSection
	GlobalSection(ProjectConfigurationPlatforms) = postSolution
		{6781B107-CA30-49C4-BCC5-DEEAF095EBF6}.Debug|Any CPU.ActiveCfg = Debug|Any CPU
		{6781B107-CA30-49C4-BCC5-DEEAF095EBF6}.Debug|Any CPU.Build.0 = Debug|Any CPU
		{6781B107-CA30-49C4-BCC5-DEEAF095EBF6}.Release|Any CPU.ActiveCfg = Release|Any CPU
		{6781B107-CA30-49C4-BCC5-DEEAF095EBF6}.Release|Any CPU.Build.0 = Release|Any CPU
	EndGlobalSection
	GlobalSection(SolutionProperties) = preSolution
		HideSolutionNode = FALSE
	EndGlobalSection
	GlobalSection(ExtensibilityGlobals) = postSolution
		SolutionGuid = {0FD824FA-84D9-4492-A366-ABD565252CF5}
	EndGlobalSection
EndGlobal
